
Microsoft Visual Studio Solution File, Format Version 12.00
# Visual Studio Version 17
VisualStudioVersion = 17.11.35222.181
MinimumVisualStudioVersion = 10.0.40219.1
Project("{9A19103F-16F7-4668-BE54-9A1E7A4F7556}") = "Application", "Application\Application.csproj", "{7EC17069-58CE-4705-941F-F4F0C0511CC1}"
EndProject
Project("{9A19103F-16F7-4668-BE54-9A1E7A4F7556}") = "WebApi", "WebApi\WebApi.csproj", "{0D56F312-14A9-4884-A137-2F3EBB9B29A8}"
EndProject
Project("{9A19103F-16F7-4668-BE54-9A1E7A4F7556}") = "Domain", "Domain\Domain.csproj", "{1F0BAAE4-DABE-48EC-B6C5-D09195FF1B73}"
EndProject
Project("{9A19103F-16F7-4668-BE54-9A1E7A4F7556}") = "Infrastructure", "Infrastructure\Infrastructure.csproj", "{FC2A6955-8AF8-45A6-B02C-743316DF11BE}"
EndProject
Global
	GlobalSection(SolutionConfigurationPlatforms) = preSolution
		Debug|Any CPU = Debug|Any CPU
		Release|Any CPU = Release|Any CPU
	EndGlobalSection
	GlobalSection(ProjectConfigurationPlatforms) = postSolution
		{7EC17069-58CE-4705-941F-F4F0C0511CC1}.Debug|Any CPU.ActiveCfg = Debug|Any CPU
		{7EC17069-58CE-4705-941F-F4F0C0511CC1}.Debug|Any CPU.Build.0 = Debug|Any CPU
		{7EC17069-58CE-4705-941F-F4F0C0511CC1}.Release|Any CPU.ActiveCfg = Release|Any CPU
		{7EC17069-58CE-4705-941F-F4F0C0511CC1}.Release|Any CPU.Build.0 = Release|Any CPU
		{0D56F312-14A9-4884-A137-2F3EBB9B29A8}.Debug|Any CPU.ActiveCfg = Debug|Any CPU
		{0D56F312-14A9-4884-A137-2F3EBB9B29A8}.Debug|Any CPU.Build.0 = Debug|Any CPU
		{0D56F312-14A9-4884-A137-2F3EBB9B29A8}.Release|Any CPU.ActiveCfg = Release|Any CPU
		{0D56F312-14A9-4884-A137-2F3EBB9B29A8}.Release|Any CPU.Build.0 = Release|Any CPU
		{1F0BAAE4-DABE-48EC-B6C5-D09195FF1B73}.Debug|Any CPU.ActiveCfg = Debug|Any CPU
		{1F0BAAE4-DABE-48EC-B6C5-D09195FF1B73}.Debug|Any CPU.Build.0 = Debug|Any CPU
		{1F0BAAE4-DABE-48EC-B6C5-D09195FF1B73}.Release|Any CPU.ActiveCfg = Release|Any CPU
		{1F0BAAE4-DABE-48EC-B6C5-D09195FF1B73}.Release|Any CPU.Build.0 = Release|Any CPU
		{FC2A6955-8AF8-45A6-B02C-743316DF11BE}.Debug|Any CPU.ActiveCfg = Debug|Any CPU
		{FC2A6955-8AF8-45A6-B02C-743316DF11BE}.Debug|Any CPU.Build.0 = Debug|Any CPU
		{FC2A6955-8AF8-45A6-B02C-743316DF11BE}.Release|Any CPU.ActiveCfg = Release|Any CPU
		{FC2A6955-8AF8-45A6-B02C-743316DF11BE}.Release|Any CPU.Build.0 = Release|Any CPU
	EndGlobalSection
	GlobalSection(SolutionProperties) = preSolution
		HideSolutionNode = FALSE
	EndGlobalSection
	GlobalSection(ExtensibilityGlobals) = postSolution
		SolutionGuid = {2E2166CE-EFB2-4998-A00D-8F18AAAB7401}
	EndGlobalSection
EndGlobal
